// !$*UTF8*$!
{
	archiveVersion = 1;
	classes = {
	};
	objectVersion = 77;
	objects = {

/* Begin PBXBuildFile section */
		139FBB6D2E2A24F2003EF52B /* LlamaFramework in Frameworks */ = {isa = PBXBuildFile; productRef = 139FBB6C2E2A24F2003EF52B /* LlamaFramework */; };
		13B882522E2B7716006A0005 /* Assets.xcassets in Resources */ = {isa = PBXBuildFile; fileRef = 13B8824E2E2B7716006A0005 /* Assets.xcassets */; };
		13B882542E2B7716006A0005 /* Q2_Edge_ChatApp.swift in Sources */ = {isa = PBXBuildFile; fileRef = 13B882502E2B7716006A0005 /* Q2_Edge_ChatApp.swift */; };
		13B882552E2B7716006A0005 /* FrontPageView.swift in Sources */ = {isa = PBXBuildFile; fileRef = 13B8824C2E2B7716006A0005 /* FrontPageView.swift */; };
/* End PBXBuildFile section */

/* Begin PBXContainerItemProxy section */
		139FBB492E2A1D37003EF52B /* PBXContainerItemProxy */ = {
			isa = PBXContainerItemProxy;
			containerPortal = 139FBB332E2A1D35003EF52B /* Project object */;
			proxyType = 1;
			remoteGlobalIDString = 139FBB3A2E2A1D35003EF52B;
			remoteInfo = "Q2 Edge Chat";
		};
		139FBB532E2A1D37003EF52B /* PBXContainerItemProxy */ = {
			isa = PBXContainerItemProxy;
			containerPortal = 139FBB332E2A1D35003EF52B /* Project object */;
			proxyType = 1;
			remoteGlobalIDString = 139FBB3A2E2A1D35003EF52B;
			remoteInfo = "Q2 Edge Chat";
		};
/* End PBXContainerItemProxy section */

/* Begin PBXFileReference section */
		139FBB3B2E2A1D35003EF52B /* Q2 Edge Chat.app */ = {isa = PBXFileReference; explicitFileType = wrapper.application; includeInIndex = 0; path = "Q2 Edge Chat.app"; sourceTree = BUILT_PRODUCTS_DIR; };
		139FBB482E2A1D37003EF52B /* Q2 Edge ChatTests.xctest */ = {isa = PBXFileReference; explicitFileType = wrapper.cfbundle; includeInIndex = 0; path = "Q2 Edge ChatTests.xctest"; sourceTree = BUILT_PRODUCTS_DIR; };
		139FBB522E2A1D37003EF52B /* Q2 Edge ChatUITests.xctest */ = {isa = PBXFileReference; explicitFileType = wrapper.cfbundle; includeInIndex = 0; path = "Q2 Edge ChatUITests.xctest"; sourceTree = BUILT_PRODUCTS_DIR; };
		13B8824C2E2B7716006A0005 /* FrontPageView.swift */ = {isa = PBXFileReference; lastKnownFileType = sourcecode.swift; path = FrontPageView.swift; sourceTree = "<group>"; };
		13B8824E2E2B7716006A0005 /* Assets.xcassets */ = {isa = PBXFileReference; lastKnownFileType = folder.assetcatalog; path = Assets.xcassets; sourceTree = "<group>"; };
		13B882502E2B7716006A0005 /* Q2_Edge_ChatApp.swift */ = {isa = PBXFileReference; lastKnownFileType = sourcecode.swift; path = Q2_Edge_ChatApp.swift; sourceTree = "<group>"; };
/* End PBXFileReference section */

/* Begin PBXFileSystemSynchronizedBuildFileExceptionSet section */
		139FBB752E2A25EA003EF52B /* Exceptions for "LlamaPackage" folder in "Q2 Edge Chat" target */ = {
			isa = PBXFileSystemSynchronizedBuildFileExceptionSet;
			membershipExceptions = (
				Package.swift,
			);
			target = 139FBB3A2E2A1D35003EF52B /* Q2 Edge Chat */;
		};
/* End PBXFileSystemSynchronizedBuildFileExceptionSet section */

/* Begin PBXFileSystemSynchronizedRootGroup section */
		139FBB4B2E2A1D37003EF52B /* Q2 Edge ChatTests */ = {
			isa = PBXFileSystemSynchronizedRootGroup;
			path = "Q2 Edge ChatTests";
			sourceTree = "<group>";
		};
		139FBB552E2A1D37003EF52B /* Q2 Edge ChatUITests */ = {
			isa = PBXFileSystemSynchronizedRootGroup;
			path = "Q2 Edge ChatUITests";
			sourceTree = "<group>";
		};
		139FBB672E2A2281003EF52B /* LlamaPackage */ = {
			isa = PBXFileSystemSynchronizedRootGroup;
			exceptions = (
				139FBB752E2A25EA003EF52B /* Exceptions for "LlamaPackage" folder in "Q2 Edge Chat" target */,
			);
			path = LlamaPackage;
			sourceTree = "<group>";
		};
/* End PBXFileSystemSynchronizedRootGroup section */

/* Begin PBXFrameworksBuildPhase section */
		139FBB382E2A1D35003EF52B /* Frameworks */ = {
			isa = PBXFrameworksBuildPhase;
			buildActionMask = 2147483647;
			files = (
				139FBB6D2E2A24F2003EF52B /* LlamaFramework in Frameworks */,
			);
			runOnlyForDeploymentPostprocessing = 0;
		};
		139FBB452E2A1D37003EF52B /* Frameworks */ = {
			isa = PBXFrameworksBuildPhase;
			buildActionMask = 2147483647;
			files = (
			);
			runOnlyForDeploymentPostprocessing = 0;
		};
		139FBB4F2E2A1D37003EF52B /* Frameworks */ = {
			isa = PBXFrameworksBuildPhase;
			buildActionMask = 2147483647;
			files = (
			);
			runOnlyForDeploymentPostprocessing = 0;
		};
/* End PBXFrameworksBuildPhase section */

/* Begin PBXGroup section */
		139FBB322E2A1D35003EF52B = {
			isa = PBXGroup;
			children = (
				13B882512E2B7716006A0005 /* Q2 Edge Chat */,
				139FBB672E2A2281003EF52B /* LlamaPackage */,
				139FBB4B2E2A1D37003EF52B /* Q2 Edge ChatTests */,
				139FBB552E2A1D37003EF52B /* Q2 Edge ChatUITests */,
				139FBB3C2E2A1D35003EF52B /* Products */,
			);
			sourceTree = "<group>";
		};
		139FBB3C2E2A1D35003EF52B /* Products */ = {
			isa = PBXGroup;
			children = (
				139FBB3B2E2A1D35003EF52B /* Q2 Edge Chat.app */,
				139FBB482E2A1D37003EF52B /* Q2 Edge ChatTests.xctest */,
				139FBB522E2A1D37003EF52B /* Q2 Edge ChatUITests.xctest */,
			);
			name = Products;
			sourceTree = "<group>";
		};
		13B8824D2E2B7716006A0005 /* Views */ = {
			isa = PBXGroup;
			children = (
				13B8824C2E2B7716006A0005 /* FrontPageView.swift */,
			);
			path = Views;
			sourceTree = "<group>";
		};
		13B882512E2B7716006A0005 /* Q2 Edge Chat */ = {
			isa = PBXGroup;
			children = (
				13B8824D2E2B7716006A0005 /* Views */,
				13B8824E2E2B7716006A0005 /* Assets.xcassets */,
				13B882502E2B7716006A0005 /* Q2_Edge_ChatApp.swift */,
			);
			path = "Q2 Edge Chat";
			sourceTree = "<group>";
		};
/* End PBXGroup section */

/* Begin PBXNativeTarget section */
		139FBB3A2E2A1D35003EF52B /* Q2 Edge Chat */ = {
			isa = PBXNativeTarget;
			buildConfigurationList = 139FBB5C2E2A1D37003EF52B /* Build configuration list for PBXNativeTarget "Q2 Edge Chat" */;
			buildPhases = (
				139FBB372E2A1D35003EF52B /* Sources */,
				139FBB382E2A1D35003EF52B /* Frameworks */,
				139FBB392E2A1D35003EF52B /* Resources */,
			);
			buildRules = (
			);
			dependencies = (
			);
			fileSystemSynchronizedGroups = (
				139FBB672E2A2281003EF52B /* LlamaPackage */,
			);
			name = "Q2 Edge Chat";
			packageProductDependencies = (
				139FBB6C2E2A24F2003EF52B /* LlamaFramework */,
			);
			productName = "Q2 Edge Chat";
			productReference = 139FBB3B2E2A1D35003EF52B /* Q2 Edge Chat.app */;
			productType = "com.apple.product-type.application";
		};
		139FBB472E2A1D37003EF52B /* Q2 Edge ChatTests */ = {
			isa = PBXNativeTarget;
			buildConfigurationList = 139FBB5F2E2A1D37003EF52B /* Build configuration list for PBXNativeTarget "Q2 Edge ChatTests" */;
			buildPhases = (
				139FBB442E2A1D37003EF52B /* Sources */,
				139FBB452E2A1D37003EF52B /* Frameworks */,
				139FBB462E2A1D37003EF52B /* Resources */,
			);
			buildRules = (
			);
			dependencies = (
				139FBB4A2E2A1D37003EF52B /* PBXTargetDependency */,
			);
			fileSystemSynchronizedGroups = (
				139FBB4B2E2A1D37003EF52B /* Q2 Edge ChatTests */,
			);
			name = "Q2 Edge ChatTests";
			packageProductDependencies = (
			);
			productName = "Q2 Edge ChatTests";
			productReference = 139FBB482E2A1D37003EF52B /* Q2 Edge ChatTests.xctest */;
			productType = "com.apple.product-type.bundle.unit-test";
		};
		139FBB512E2A1D37003EF52B /* Q2 Edge ChatUITests */ = {
			isa = PBXNativeTarget;
			buildConfigurationList = 139FBB622E2A1D37003EF52B /* Build configuration list for PBXNativeTarget "Q2 Edge ChatUITests" */;
			buildPhases = (
				139FBB4E2E2A1D37003EF52B /* Sources */,
				139FBB4F2E2A1D37003EF52B /* Frameworks */,
				139FBB502E2A1D37003EF52B /* Resources */,
			);
			buildRules = (
			);
			dependencies = (
				139FBB542E2A1D37003EF52B /* PBXTargetDependency */,
			);
			fileSystemSynchronizedGroups = (
				139FBB552E2A1D37003EF52B /* Q2 Edge ChatUITests */,
			);
			name = "Q2 Edge ChatUITests";
			packageProductDependencies = (
			);
			productName = "Q2 Edge ChatUITests";
			productReference = 139FBB522E2A1D37003EF52B /* Q2 Edge ChatUITests.xctest */;
			productType = "com.apple.product-type.bundle.ui-testing";
		};
/* End PBXNativeTarget section */

/* Begin PBXProject section */
		139FBB332E2A1D35003EF52B /* Project object */ = {
			isa = PBXProject;
			attributes = {
				BuildIndependentTargetsInParallel = 1;
				LastSwiftUpdateCheck = 1640;
				LastUpgradeCheck = 1640;
				TargetAttributes = {
					139FBB3A2E2A1D35003EF52B = {
						CreatedOnToolsVersion = 16.4;
					};
					139FBB472E2A1D37003EF52B = {
						CreatedOnToolsVersion = 16.4;
						TestTargetID = 139FBB3A2E2A1D35003EF52B;
					};
					139FBB512E2A1D37003EF52B = {
						CreatedOnToolsVersion = 16.4;
						TestTargetID = 139FBB3A2E2A1D35003EF52B;
					};
				};
			};
			buildConfigurationList = 139FBB362E2A1D35003EF52B /* Build configuration list for PBXProject "Q2 Edge Chat" */;
			developmentRegion = en;
			hasScannedForEncodings = 0;
			knownRegions = (
				en,
				Base,
			);
			mainGroup = 139FBB322E2A1D35003EF52B;
			minimizedProjectReferenceProxies = 1;
			packageReferences = (
				139FBB6B2E2A24F2003EF52B /* XCLocalSwiftPackageReference "LlamaPackage" */,
			);
			preferredProjectObjectVersion = 77;
			productRefGroup = 139FBB3C2E2A1D35003EF52B /* Products */;
			projectDirPath = "";
			projectRoot = "";
			targets = (
				139FBB3A2E2A1D35003EF52B /* Q2 Edge Chat */,
				139FBB472E2A1D37003EF52B /* Q2 Edge ChatTests */,
				139FBB512E2A1D37003EF52B /* Q2 Edge ChatUITests */,
			);
		};
/* End PBXProject section */

/* Begin PBXResourcesBuildPhase section */
		139FBB392E2A1D35003EF52B /* Resources */ = {
			isa = PBXResourcesBuildPhase;
			buildActionMask = 2147483647;
			files = (
				13B882522E2B7716006A0005 /* Assets.xcassets in Resources */,
			);
			runOnlyForDeploymentPostprocessing = 0;
		};
		139FBB462E2A1D37003EF52B /* Resources */ = {
			isa = PBXResourcesBuildPhase;
			buildActionMask = 2147483647;
			files = (
			);
			runOnlyForDeploymentPostprocessing = 0;
		};
		139FBB502E2A1D37003EF52B /* Resources */ = {
			isa = PBXResourcesBuildPhase;
			buildActionMask = 2147483647;
			files = (
			);
			runOnlyForDeploymentPostprocessing = 0;
		};
/* End PBXResourcesBuildPhase section */

/* Begin PBXSourcesBuildPhase section */
		139FBB372E2A1D35003EF52B /* Sources */ = {
			isa = PBXSourcesBuildPhase;
			buildActionMask = 2147483647;
			files = (
				13B882542E2B7716006A0005 /* Q2_Edge_ChatApp.swift in Sources */,
				13B882552E2B7716006A0005 /* FrontPageView.swift in Sources */,
			);
			runOnlyForDeploymentPostprocessing = 0;
		};
		139FBB442E2A1D37003EF52B /* Sources */ = {
			isa = PBXSourcesBuildPhase;
			buildActionMask = 2147483647;
			files = (
			);
			runOnlyForDeploymentPostprocessing = 0;
		};
		139FBB4E2E2A1D37003EF52B /* Sources */ = {
			isa = PBXSourcesBuildPhase;
			buildActionMask = 2147483647;
			files = (
			);
			runOnlyForDeploymentPostprocessing = 0;
		};
/* End PBXSourcesBuildPhase section */

/* Begin PBXTargetDependency section */
		139FBB4A2E2A1D37003EF52B /* PBXTargetDependency */ = {
			isa = PBXTargetDependency;
			target = 139FBB3A2E2A1D35003EF52B /* Q2 Edge Chat */;
			targetProxy = 139FBB492E2A1D37003EF52B /* PBXContainerItemProxy */;
		};
		139FBB542E2A1D37003EF52B /* PBXTargetDependency */ = {
			isa = PBXTargetDependency;
			target = 139FBB3A2E2A1D35003EF52B /* Q2 Edge Chat */;
			targetProxy = 139FBB532E2A1D37003EF52B /* PBXContainerItemProxy */;
		};
/* End PBXTargetDependency section */

/* Begin XCBuildConfiguration section */
		139FBB5A2E2A1D37003EF52B /* Debug */ = {
			isa = XCBuildConfiguration;
			buildSettings = {
				ALWAYS_SEARCH_USER_PATHS = NO;
				ASSETCATALOG_COMPILER_GENERATE_SWIFT_ASSET_SYMBOL_EXTENSIONS = YES;
				CLANG_ANALYZER_NONNULL = YES;
				CLANG_ANALYZER_NUMBER_OBJECT_CONVERSION = YES_AGGRESSIVE;
				CLANG_CXX_LANGUAGE_STANDARD = "gnu++20";
				CLANG_ENABLE_MODULES = YES;
				CLANG_ENABLE_OBJC_ARC = YES;
				CLANG_ENABLE_OBJC_WEAK = YES;
				CLANG_WARN_BLOCK_CAPTURE_AUTORELEASING = YES;
				CLANG_WARN_BOOL_CONVERSION = YES;
				CLANG_WARN_COMMA = YES;
				CLANG_WARN_CONSTANT_CONVERSION = YES;
				CLANG_WARN_DEPRECATED_OBJC_IMPLEMENTATIONS = YES;
				CLANG_WARN_DIRECT_OBJC_ISA_USAGE = YES_ERROR;
				CLANG_WARN_DOCUMENTATION_COMMENTS = YES;
				CLANG_WARN_EMPTY_BODY = YES;
				CLANG_WARN_ENUM_CONVERSION = YES;
				CLANG_WARN_INFINITE_RECURSION = YES;
				CLANG_WARN_INT_CONVERSION = YES;
				CLANG_WARN_NON_LITERAL_NULL_CONVERSION = YES;
				CLANG_WARN_OBJC_IMPLICIT_RETAIN_SELF = YES;
				CLANG_WARN_OBJC_LITERAL_CONVERSION = YES;
				CLANG_WARN_OBJC_ROOT_CLASS = YES_ERROR;
				CLANG_WARN_QUOTED_INCLUDE_IN_FRAMEWORK_HEADER = YES;
				CLANG_WARN_RANGE_LOOP_ANALYSIS = YES;
				CLANG_WARN_STRICT_PROTOTYPES = YES;
				CLANG_WARN_SUSPICIOUS_MOVE = YES;
				CLANG_WARN_UNGUARDED_AVAILABILITY = YES_AGGRESSIVE;
				CLANG_WARN_UNREACHABLE_CODE = YES;
				CLANG_WARN__DUPLICATE_METHOD_MATCH = YES;
				COPY_PHASE_STRIP = NO;
				DEBUG_INFORMATION_FORMAT = dwarf;
				ENABLE_STRICT_OBJC_MSGSEND = YES;
				ENABLE_TESTABILITY = YES;
				ENABLE_USER_SCRIPT_SANDBOXING = YES;
				GCC_C_LANGUAGE_STANDARD = gnu17;
				GCC_DYNAMIC_NO_PIC = NO;
				GCC_NO_COMMON_BLOCKS = YES;
				GCC_OPTIMIZATION_LEVEL = 0;
				GCC_PREPROCESSOR_DEFINITIONS = (
					"DEBUG=1",
					"$(inherited)",
				);
				GCC_WARN_64_TO_32_BIT_CONVERSION = YES;
				GCC_WARN_ABOUT_RETURN_TYPE = YES_ERROR;
				GCC_WARN_UNDECLARED_SELECTOR = YES;
				GCC_WARN_UNINITIALIZED_AUTOS = YES_AGGRESSIVE;
				GCC_WARN_UNUSED_FUNCTION = YES;
				GCC_WARN_UNUSED_VARIABLE = YES;
				IPHONEOS_DEPLOYMENT_TARGET = 18.5;
				LOCALIZATION_PREFERS_STRING_CATALOGS = YES;
				MTL_ENABLE_DEBUG_INFO = INCLUDE_SOURCE;
				MTL_FAST_MATH = YES;
				ONLY_ACTIVE_ARCH = YES;
				SDKROOT = iphoneos;
				SWIFT_ACTIVE_COMPILATION_CONDITIONS = "DEBUG $(inherited)";
				SWIFT_OPTIMIZATION_LEVEL = "-Onone";
			};
			name = Debug;
		};
		139FBB5B2E2A1D37003EF52B /* Release */ = {
			isa = XCBuildConfiguration;
			buildSettings = {
				ALWAYS_SEARCH_USER_PATHS = NO;
				ASSETCATALOG_COMPILER_GENERATE_SWIFT_ASSET_SYMBOL_EXTENSIONS = YES;
				CLANG_ANALYZER_NONNULL = YES;
				CLANG_ANALYZER_NUMBER_OBJECT_CONVERSION = YES_AGGRESSIVE;
				CLANG_CXX_LANGUAGE_STANDARD = "gnu++20";
				CLANG_ENABLE_MODULES = YES;
				CLANG_ENABLE_OBJC_ARC = YES;
				CLANG_ENABLE_OBJC_WEAK = YES;
				CLANG_WARN_BLOCK_CAPTURE_AUTORELEASING = YES;
				CLANG_WARN_BOOL_CONVERSION = YES;
				CLANG_WARN_COMMA = YES;
				CLANG_WARN_CONSTANT_CONVERSION = YES;
				CLANG_WARN_DEPRECATED_OBJC_IMPLEMENTATIONS = YES;
				CLANG_WARN_DIRECT_OBJC_ISA_USAGE = YES_ERROR;
				CLANG_WARN_DOCUMENTATION_COMMENTS = YES;
				CLANG_WARN_EMPTY_BODY = YES;
				CLANG_WARN_ENUM_CONVERSION = YES;
				CLANG_WARN_INFINITE_RECURSION = YES;
				CLANG_WARN_INT_CONVERSION = YES;
				CLANG_WARN_NON_LITERAL_NULL_CONVERSION = YES;
				CLANG_WARN_OBJC_IMPLICIT_RETAIN_SELF = YES;
				CLANG_WARN_OBJC_LITERAL_CONVERSION = YES;
				CLANG_WARN_OBJC_ROOT_CLASS = YES_ERROR;
				CLANG_WARN_QUOTED_INCLUDE_IN_FRAMEWORK_HEADER = YES;
				CLANG_WARN_RANGE_LOOP_ANALYSIS = YES;
				CLANG_WARN_STRICT_PROTOTYPES = YES;
				CLANG_WARN_SUSPICIOUS_MOVE = YES;
				CLANG_WARN_UNGUARDED_AVAILABILITY = YES_AGGRESSIVE;
				CLANG_WARN_UNREACHABLE_CODE = YES;
				CLANG_WARN__DUPLICATE_METHOD_MATCH = YES;
				COPY_PHASE_STRIP = NO;
				DEBUG_INFORMATION_FORMAT = "dwarf-with-dsym";
				ENABLE_NS_ASSERTIONS = NO;
				ENABLE_STRICT_OBJC_MSGSEND = YES;
				ENABLE_USER_SCRIPT_SANDBOXING = YES;
				GCC_C_LANGUAGE_STANDARD = gnu17;
				GCC_NO_COMMON_BLOCKS = YES;
				GCC_WARN_64_TO_32_BIT_CONVERSION = YES;
				GCC_WARN_ABOUT_RETURN_TYPE = YES_ERROR;
				GCC_WARN_UNDECLARED_SELECTOR = YES;
				GCC_WARN_UNINITIALIZED_AUTOS = YES_AGGRESSIVE;
				GCC_WARN_UNUSED_FUNCTION = YES;
				GCC_WARN_UNUSED_VARIABLE = YES;
				IPHONEOS_DEPLOYMENT_TARGET = 18.5;
				LOCALIZATION_PREFERS_STRING_CATALOGS = YES;
				MTL_ENABLE_DEBUG_INFO = NO;
				MTL_FAST_MATH = YES;
				SDKROOT = iphoneos;
				SWIFT_COMPILATION_MODE = wholemodule;
				VALIDATE_PRODUCT = YES;
			};
			name = Release;
		};
		139FBB5D2E2A1D37003EF52B /* Debug */ = {
			isa = XCBuildConfiguration;
			buildSettings = {
				ASSETCATALOG_COMPILER_APPICON_NAME = AppIcon;
				ASSETCATALOG_COMPILER_GLOBAL_ACCENT_COLOR_NAME = AccentColor;
				CODE_SIGN_STYLE = Automatic;
				CURRENT_PROJECT_VERSION = 1;
				ENABLE_PREVIEWS = YES;
				GENERATE_INFOPLIST_FILE = YES;
				INFOPLIST_KEY_UIApplicationSceneManifest_Generation = YES;
				INFOPLIST_KEY_UIApplicationSupportsIndirectInputEvents = YES;
				INFOPLIST_KEY_UILaunchScreen_Generation = YES;
				INFOPLIST_KEY_UISupportedInterfaceOrientations_iPad = "UIInterfaceOrientationPortrait UIInterfaceOrientationPortraitUpsideDown UIInterfaceOrientationLandscapeLeft UIInterfaceOrientationLandscapeRight";
				INFOPLIST_KEY_UISupportedInterfaceOrientations_iPhone = "UIInterfaceOrientationPortrait UIInterfaceOrientationLandscapeLeft UIInterfaceOrientationLandscapeRight";
				IPHONEOS_DEPLOYMENT_TARGET = 18.0;
				LD_RUNPATH_SEARCH_PATHS = (
					"$(inherited)",
					"@executable_path/Frameworks",
				);
				MARKETING_VERSION = 1.0;
				PRODUCT_BUNDLE_IDENTIFIER = "michaelgathara.Q2-Edge-Chat";
				PRODUCT_NAME = "$(TARGET_NAME)";
				SWIFT_EMIT_LOC_STRINGS = YES;
				SWIFT_VERSION = 5.0;
				TARGETED_DEVICE_FAMILY = "1,2";
			};
			name = Debug;
		};
		139FBB5E2E2A1D37003EF52B /* Release */ = {
			isa = XCBuildConfiguration;
			buildSettings = {
				ASSETCATALOG_COMPILER_APPICON_NAME = AppIcon;
				ASSETCATALOG_COMPILER_GLOBAL_ACCENT_COLOR_NAME = AccentColor;
				CODE_SIGN_STYLE = Automatic;
				CURRENT_PROJECT_VERSION = 1;
				ENABLE_PREVIEWS = YES;
				GENERATE_INFOPLIST_FILE = YES;
				INFOPLIST_KEY_UIApplicationSceneManifest_Generation = YES;
				INFOPLIST_KEY_UIApplicationSupportsIndirectInputEvents = YES;
				INFOPLIST_KEY_UILaunchScreen_Generation = YES;
				INFOPLIST_KEY_UISupportedInterfaceOrientations_iPad = "UIInterfaceOrientationPortrait UIInterfaceOrientationPortraitUpsideDown UIInterfaceOrientationLandscapeLeft UIInterfaceOrientationLandscapeRight";
				INFOPLIST_KEY_UISupportedInterfaceOrientations_iPhone = "UIInterfaceOrientationPortrait UIInterfaceOrientationLandscapeLeft UIInterfaceOrientationLandscapeRight";
				IPHONEOS_DEPLOYMENT_TARGET = 18.0;
				LD_RUNPATH_SEARCH_PATHS = (
					"$(inherited)",
					"@executable_path/Frameworks",
				);
				MARKETING_VERSION = 1.0;
				PRODUCT_BUNDLE_IDENTIFIER = "michaelgathara.Q2-Edge-Chat";
				PRODUCT_NAME = "$(TARGET_NAME)";
				SWIFT_EMIT_LOC_STRINGS = YES;
				SWIFT_VERSION = 5.0;
				TARGETED_DEVICE_FAMILY = "1,2";
			};
			name = Release;
		};
		139FBB602E2A1D37003EF52B /* Debug */ = {
			isa = XCBuildConfiguration;
			buildSettings = {
				BUNDLE_LOADER = "$(TEST_HOST)";
				CODE_SIGN_STYLE = Automatic;
				CURRENT_PROJECT_VERSION = 1;
				GENERATE_INFOPLIST_FILE = YES;
				IPHONEOS_DEPLOYMENT_TARGET = 18.5;
				MARKETING_VERSION = 1.0;
				PRODUCT_BUNDLE_IDENTIFIER = "michaelgathara.Q2-Edge-ChatTests";
				PRODUCT_NAME = "$(TARGET_NAME)";
				SWIFT_EMIT_LOC_STRINGS = NO;
				SWIFT_VERSION = 5.0;
				TARGETED_DEVICE_FAMILY = "1,2";
				TEST_HOST = "$(BUILT_PRODUCTS_DIR)/Q2 Edge Chat.app/$(BUNDLE_EXECUTABLE_FOLDER_PATH)/Q2 Edge Chat";
			};
			name = Debug;
		};
		139FBB612E2A1D37003EF52B /* Release */ = {
			isa = XCBuildConfiguration;
			buildSettings = {
				BUNDLE_LOADER = "$(TEST_HOST)";
				CODE_SIGN_STYLE = Automatic;
				CURRENT_PROJECT_VERSION = 1;
				GENERATE_INFOPLIST_FILE = YES;
				IPHONEOS_DEPLOYMENT_TARGET = 18.5;
				MARKETING_VERSION = 1.0;
				PRODUCT_BUNDLE_IDENTIFIER = "michaelgathara.Q2-Edge-ChatTests";
				PRODUCT_NAME = "$(TARGET_NAME)";
				SWIFT_EMIT_LOC_STRINGS = NO;
				SWIFT_VERSION = 5.0;
				TARGETED_DEVICE_FAMILY = "1,2";
				TEST_HOST = "$(BUILT_PRODUCTS_DIR)/Q2 Edge Chat.app/$(BUNDLE_EXECUTABLE_FOLDER_PATH)/Q2 Edge Chat";
			};
			name = Release;
		};
		139FBB632E2A1D37003EF52B /* Debug */ = {
			isa = XCBuildConfiguration;
			buildSettings = {
				CODE_SIGN_STYLE = Automatic;
				CURRENT_PROJECT_VERSION = 1;
				GENERATE_INFOPLIST_FILE = YES;
				MARKETING_VERSION = 1.0;
				PRODUCT_BUNDLE_IDENTIFIER = "michaelgathara.Q2-Edge-ChatUITests";
				PRODUCT_NAME = "$(TARGET_NAME)";
				SWIFT_EMIT_LOC_STRINGS = NO;
				SWIFT_VERSION = 5.0;
				TARGETED_DEVICE_FAMILY = "1,2";
				TEST_TARGET_NAME = "Q2 Edge Chat";
			};
			name = Debug;
		};
		139FBB642E2A1D37003EF52B /* Release */ = {
			isa = XCBuildConfiguration;
			buildSettings = {
				CODE_SIGN_STYLE = Automatic;
				CURRENT_PROJECT_VERSION = 1;
				GENERATE_INFOPLIST_FILE = YES;
				MARKETING_VERSION = 1.0;
				PRODUCT_BUNDLE_IDENTIFIER = "michaelgathara.Q2-Edge-ChatUITests";
				PRODUCT_NAME = "$(TARGET_NAME)";
				SWIFT_EMIT_LOC_STRINGS = NO;
				SWIFT_VERSION = 5.0;
				TARGETED_DEVICE_FAMILY = "1,2";
				TEST_TARGET_NAME = "Q2 Edge Chat";
			};
			name = Release;
		};
/* End XCBuildConfiguration section */

/* Begin XCConfigurationList section */
		139FBB362E2A1D35003EF52B /* Build configuration list for PBXProject "Q2 Edge Chat" */ = {
			isa = XCConfigurationList;
			buildConfigurations = (
				139FBB5A2E2A1D37003EF52B /* Debug */,
				139FBB5B2E2A1D37003EF52B /* Release */,
			);
			defaultConfigurationIsVisible = 0;
			defaultConfigurationName = Release;
		};
		139FBB5C2E2A1D37003EF52B /* Build configuration list for PBXNativeTarget "Q2 Edge Chat" */ = {
			isa = XCConfigurationList;
			buildConfigurations = (
				139FBB5D2E2A1D37003EF52B /* Debug */,
				139FBB5E2E2A1D37003EF52B /* Release */,
			);
			defaultConfigurationIsVisible = 0;
			defaultConfigurationName = Release;
		};
		139FBB5F2E2A1D37003EF52B /* Build configuration list for PBXNativeTarget "Q2 Edge ChatTests" */ = {
			isa = XCConfigurationList;
			buildConfigurations = (
				139FBB602E2A1D37003EF52B /* Debug */,
				139FBB612E2A1D37003EF52B /* Release */,
			);
			defaultConfigurationIsVisible = 0;
			defaultConfigurationName = Release;
		};
		139FBB622E2A1D37003EF52B /* Build configuration list for PBXNativeTarget "Q2 Edge ChatUITests" */ = {
			isa = XCConfigurationList;
			buildConfigurations = (
				139FBB632E2A1D37003EF52B /* Debug */,
				139FBB642E2A1D37003EF52B /* Release */,
			);
			defaultConfigurationIsVisible = 0;
			defaultConfigurationName = Release;
		};
/* End XCConfigurationList section */

/* Begin XCLocalSwiftPackageReference section */
		139FBB6B2E2A24F2003EF52B /* XCLocalSwiftPackageReference "LlamaPackage" */ = {
			isa = XCLocalSwiftPackageReference;
			relativePath = LlamaPackage;
		};
/* End XCLocalSwiftPackageReference section */

/* Begin XCSwiftPackageProductDependency section */
		139FBB6C2E2A24F2003EF52B /* LlamaFramework */ = {
			isa = XCSwiftPackageProductDependency;
			productName = LlamaFramework;
		};
/* End XCSwiftPackageProductDependency section */
	};
	rootObject = 139FBB332E2A1D35003EF52B /* Project object */;
}
